{
  "name": "slicer",
  "version": "1.0.0",
  "lockfileVersion": 2,
  "requires": true,
  "packages": {
    "": {
      "name": "slicer",
      "version": "1.0.0",
      "dependencies": {
        "esbuild": "^0.10.2",
        "paper": "^0.12.15"
      }
    },
    "node_modules/esbuild": {
      "version": "0.10.2",
      "resolved": "https://registry.npmjs.org/esbuild/-/esbuild-0.10.2.tgz",
      "integrity": "sha512-/5vsZD7wTJJHC3yNXLUjXNvUDwqwNoIMvFvLd9tcDQ9el5l13pspYm3yufavjIeYvNtAbo+6N/6uoWx9dGA6ug==",
      "hasInstallScript": true,
      "bin": {
        "esbuild": "bin/esbuild"
      }
    },
    "node_modules/paper": {
      "version": "0.12.15",
      "resolved": "https://registry.npmjs.org/paper/-/paper-0.12.15.tgz",
      "integrity": "sha512-9qqtcY+V0Sd2RTLZKh7rTfWDbhfitOrtq3kzgOufhGpuYpCUXM+3UIK61au14tI0F9NA4xSttDYfk376O50aPA==",
      "engines": {
        "node": ">=8.0.0"
      }
    }
  },
  "dependencies": {
    "esbuild": {
      "version": "0.10.2",
      "resolved": "https://registry.npmjs.org/esbuild/-/esbuild-0.10.2.tgz",
      "integrity": "sha512-/5vsZD7wTJJHC3yNXLUjXNvUDwqwNoIMvFvLd9tcDQ9el5l13pspYm3yufavjIeYvNtAbo+6N/6uoWx9dGA6ug=="
    },
    "paper": {
      "version": "0.12.15",
      "resolved": "https://registry.npmjs.org/paper/-/paper-0.12.15.tgz",
      "integrity": "sha512-9qqtcY+V0Sd2RTLZKh7rTfWDbhfitOrtq3kzgOufhGpuYpCUXM+3UIK61au14tI0F9NA4xSttDYfk376O50aPA=="
    }
  }
}
